{
  "name": "diyaccidentcount",
  "version": "1.0.0",
  "lockfileVersion": 1,
  "requires": true,
  "dependencies": {
    "data-uri-to-buffer": {
      "version": "3.0.1",
      "resolved": "https://na.artifactory.swg-devops.com/artifactory/api/npm/wcp-tmp-ace-fr-team-npm-virtual/data-uri-to-buffer/-/data-uri-to-buffer-3.0.1.tgz?dl=https%3A%2F%2Fregistry.npmjs.org%2Fdata-uri-to-buffer%2F-%2Fdata-uri-to-buffer-3.0.1.tgz",
      "integrity": "sha1-WUuJc5OMW8LDMEZTV4U0GrxPNjY="
    },
    "fetch-blob": {
      "version": "3.1.2",
      "resolved": "https://na.artifactory.swg-devops.com/artifactory/api/npm/wcp-tmp-ace-fr-team-npm-virtual/fetch-blob/-/fetch-blob-3.1.2.tgz?dl=https%3A%2F%2Fregistry.npmjs.org%2Ffetch-blob%2F-%2Ffetch-blob-3.1.2.tgz",
      "integrity": "sha1-a8Q4Z184UezqUXWKyR9qHNG6yr0=",
      "requires": {
        "web-streams-polyfill": "^3.0.3"
      }
    },
    "node-fetch": {
      "version": "3.0.0",
      "resolved": "https://na.artifactory.swg-devops.com/artifactory/api/npm/wcp-tmp-ace-fr-team-npm-virtual/node-fetch/-/node-fetch-3.0.0.tgz?dl=https%3A%2F%2Fregistry.npmjs.org%2Fnode-fetch%2F-%2Fnode-fetch-3.0.0.tgz",
      "integrity": "sha1-edpxRqUgA28sX2ROSiYJXxfkEeo=",
      "requires": {
        "data-uri-to-buffer": "^3.0.1",
        "fetch-blob": "^3.1.2"
      }
    },
    "web-streams-polyfill": {
      "version": "3.1.1",
      "resolved": "https://na.artifactory.swg-devops.com/artifactory/api/npm/wcp-tmp-ace-fr-team-npm-virtual/web-streams-polyfill/-/web-streams-polyfill-3.1.1.tgz?dl=https%3A%2F%2Fregistry.npmjs.org%2Fweb-streams-polyfill%2F-%2Fweb-streams-polyfill-3.1.1.tgz",
      "integrity": "sha1-FRby1OqPG9v+0V62XLLfhwmMg2Q="
    }
  }
}
