{
  "name": "diyaccidentcount",
  "version": "1.0.0",
  "lockfileVersion": 1,
  "requires": true,
  "dependencies": {
    "abort-controller": {
      "version": "3.0.0",
      "resolved": "https://na.artifactory.swg-devops.com/artifactory/api/npm/wcp-tmp-ace-fr-team-npm-virtual/abort-controller/-/abort-controller-3.0.0.tgz?dl=https%3A%2F%2Fregistry.npmjs.org%2Fabort-controller%2F-%2Fabort-controller-3.0.0.tgz",
      "integrity": "sha1-6vVNU7YrrkE46AnKIlyEOabvs5I=",
      "requires": {
        "event-target-shim": "^5.0.0"
      }
    },
    "ansi-align": {
      "version": "3.0.1",
      "resolved": "https://na.artifactory.swg-devops.com/artifactory/api/npm/wcp-tmp-ace-fr-team-npm-virtual/ansi-align/-/ansi-align-3.0.1.tgz?dl=https%3A%2F%2Fregistry.npmjs.org%2Fansi-align%2F-%2Fansi-align-3.0.1.tgz",
      "integrity": "sha1-DN8S4RGs53OobpofrRIlxDyxmlk=",
      "requires": {
        "string-width": "^4.1.0"
      }
    },
    "ansi-regex": {
      "version": "5.0.1",
      "resolved": "https://na.artifactory.swg-devops.com/artifactory/api/npm/wcp-tmp-ace-fr-team-npm-virtual/ansi-regex/-/ansi-regex-5.0.1.tgz?dl=https%3A%2F%2Fregistry.npmjs.org%2Fansi-regex%2F-%2Fansi-regex-5.0.1.tgz",
      "integrity": "sha1-CCyyyJyf6GWaMRpTvWpNxTAdswQ="
    },
    "ansi-styles": {
      "version": "4.3.0",
      "resolved": "https://na.artifactory.swg-devops.com/artifactory/api/npm/wcp-tmp-ace-fr-team-npm-virtual/ansi-styles/-/ansi-styles-4.3.0.tgz?dl=https%3A%2F%2Fregistry.npmjs.org%2Fansi-styles%2F-%2Fansi-styles-4.3.0.tgz",
      "integrity": "sha1-7dgDYornHATIWuegkG7a00tkiTc=",
      "requires": {
        "color-convert": "^2.0.1"
      }
    },
    "base64-js": {
      "version": "1.5.1",
      "resolved": "https://na.artifactory.swg-devops.com/artifactory/api/npm/wcp-tmp-ace-fr-team-npm-virtual/base64-js/-/base64-js-1.5.1.tgz?dl=https%3A%2F%2Fregistry.npmjs.org%2Fbase64-js%2F-%2Fbase64-js-1.5.1.tgz",
      "integrity": "sha1-GxtEAWClv3rUC2UPCVljSBkDkwo="
    },
    "boxen": {
      "version": "5.1.2",
      "resolved": "https://na.artifactory.swg-devops.com/artifactory/api/npm/wcp-tmp-ace-fr-team-npm-virtual/boxen/-/boxen-5.1.2.tgz?dl=https%3A%2F%2Fregistry.npmjs.org%2Fboxen%2F-%2Fboxen-5.1.2.tgz",
      "integrity": "sha1-eIy2hvyDwfSG36ikDGj8K4MdK1A=",
      "requires": {
        "ansi-align": "^3.0.0",
        "camelcase": "^6.2.0",
        "chalk": "^4.1.0",
        "cli-boxes": "^2.2.1",
        "string-width": "^4.2.2",
        "type-fest": "^0.20.2",
        "widest-line": "^3.1.0",
        "wrap-ansi": "^7.0.0"
      }
    },
    "btoa-lite": {
      "version": "1.0.0",
      "resolved": "https://na.artifactory.swg-devops.com/artifactory/api/npm/wcp-tmp-ace-fr-team-npm-virtual/btoa-lite/-/btoa-lite-1.0.0.tgz?dl=https%3A%2F%2Fregistry.npmjs.org%2Fbtoa-lite%2F-%2Fbtoa-lite-1.0.0.tgz",
      "integrity": "sha1-M3dm2hWAEhD92VbCLpxokaudAzc="
    },
    "camelcase": {
      "version": "6.2.0",
      "resolved": "https://na.artifactory.swg-devops.com/artifactory/api/npm/wcp-tmp-ace-fr-team-npm-virtual/camelcase/-/camelcase-6.2.0.tgz?dl=https%3A%2F%2Fregistry.npmjs.org%2Fcamelcase%2F-%2Fcamelcase-6.2.0.tgz",
      "integrity": "sha1-kkr4gcnVJaydh/QNlk5c6pgqGAk="
    },
    "chalk": {
      "version": "4.1.2",
      "resolved": "https://na.artifactory.swg-devops.com/artifactory/api/npm/wcp-tmp-ace-fr-team-npm-virtual/chalk/-/chalk-4.1.2.tgz?dl=https%3A%2F%2Fregistry.npmjs.org%2Fchalk%2F-%2Fchalk-4.1.2.tgz",
      "integrity": "sha1-qsTit3NKdAhnrrFr8CqtVWoeegE=",
      "requires": {
        "ansi-styles": "^4.1.0",
        "supports-color": "^7.1.0"
      }
    },
    "cli-boxes": {
      "version": "2.2.1",
      "resolved": "https://na.artifactory.swg-devops.com/artifactory/api/npm/wcp-tmp-ace-fr-team-npm-virtual/cli-boxes/-/cli-boxes-2.2.1.tgz?dl=https%3A%2F%2Fregistry.npmjs.org%2Fcli-boxes%2F-%2Fcli-boxes-2.2.1.tgz",
      "integrity": "sha1-3dUDXSUJT84iDpyrQKRYQKRAMY8="
    },
    "color-convert": {
      "version": "2.0.1",
      "resolved": "https://na.artifactory.swg-devops.com/artifactory/api/npm/wcp-tmp-ace-fr-team-npm-virtual/color-convert/-/color-convert-2.0.1.tgz?dl=https%3A%2F%2Fregistry.npmjs.org%2Fcolor-convert%2F-%2Fcolor-convert-2.0.1.tgz",
      "integrity": "sha1-ctOmjVmMm9s68q0ehPIdiWq9TeM=",
      "requires": {
        "color-name": "~1.1.4"
      }
    },
    "color-name": {
      "version": "1.1.4",
      "resolved": "https://na.artifactory.swg-devops.com/artifactory/api/npm/wcp-tmp-ace-fr-team-npm-virtual/color-name/-/color-name-1.1.4.tgz?dl=https%3A%2F%2Fregistry.npmjs.org%2Fcolor-name%2F-%2Fcolor-name-1.1.4.tgz",
      "integrity": "sha1-wqCah6y95pVD3m9j+jmVyCbFNqI="
    },
    "cross-fetch": {
      "version": "3.1.4",
      "resolved": "https://na.artifactory.swg-devops.com/artifactory/api/npm/wcp-tmp-ace-fr-team-npm-virtual/cross-fetch/-/cross-fetch-3.1.4.tgz?dl=https%3A%2F%2Fregistry.npmjs.org%2Fcross-fetch%2F-%2Fcross-fetch-3.1.4.tgz",
      "integrity": "sha1-lyPzo6JHv4uJA586OAqSROj6Lzk=",
      "requires": {
        "node-fetch": "2.6.1"
      },
      "dependencies": {
        "node-fetch": {
          "version": "2.6.1",
          "resolved": "https://na.artifactory.swg-devops.com/artifactory/api/npm/wcp-tmp-ace-fr-team-npm-virtual/node-fetch/-/node-fetch-2.6.1.tgz?dl=https%3A%2F%2Fregistry.npmjs.org%2Fnode-fetch%2F-%2Fnode-fetch-2.6.1.tgz",
          "integrity": "sha1-BFvTI2Mfdu0uK1VXM5RBa2OaAFI="
        }
      }
    },
    "dotenv": {
      "version": "8.6.0",
      "resolved": "https://na.artifactory.swg-devops.com/artifactory/api/npm/wcp-tmp-ace-fr-team-npm-virtual/dotenv/-/dotenv-8.6.0.tgz?dl=https%3A%2F%2Fregistry.npmjs.org%2Fdotenv%2F-%2Fdotenv-8.6.0.tgz",
      "integrity": "sha1-Bhr2ZNGff02PxuT/m1hM4jety4s="
    },
    "emoji-regex": {
      "version": "8.0.0",
      "resolved": "https://na.artifactory.swg-devops.com/artifactory/api/npm/wcp-tmp-ace-fr-team-npm-virtual/emoji-regex/-/emoji-regex-8.0.0.tgz?dl=https%3A%2F%2Fregistry.npmjs.org%2Femoji-regex%2F-%2Femoji-regex-8.0.0.tgz",
      "integrity": "sha1-6Bj9ac5cz8tARZT4QpY79TFkzDc="
    },
    "event-target-shim": {
      "version": "5.0.1",
      "resolved": "https://na.artifactory.swg-devops.com/artifactory/api/npm/wcp-tmp-ace-fr-team-npm-virtual/event-target-shim/-/event-target-shim-5.0.1.tgz?dl=https%3A%2F%2Fregistry.npmjs.org%2Fevent-target-shim%2F-%2Fevent-target-shim-5.0.1.tgz",
      "integrity": "sha1-XU0+vflYPWOlMzzi3rdICrKwV4k="
    },
    "faunadb": {
      "version": "4.4.1",
      "resolved": "https://na.artifactory.swg-devops.com/artifactory/api/npm/wcp-tmp-ace-fr-team-npm-virtual/faunadb/-/faunadb-4.4.1.tgz?dl=https%3A%2F%2Fregistry.npmjs.org%2Ffaunadb%2F-%2Ffaunadb-4.4.1.tgz",
      "integrity": "sha1-u2vv6w4HkzX7+5azSe9fi+F9gSA=",
      "requires": {
        "abort-controller": "^3.0.0",
        "base64-js": "^1.2.0",
        "boxen": "^5.0.1",
        "btoa-lite": "^1.0.0",
        "chalk": "^4.1.1",
        "cross-fetch": "^3.0.6",
        "dotenv": "^8.2.0",
        "fn-annotate": "^1.1.3",
        "object-assign": "^4.1.0",
        "util-deprecate": "^1.0.2"
      }
    },
    "fn-annotate": {
      "version": "1.2.0",
      "resolved": "https://na.artifactory.swg-devops.com/artifactory/api/npm/wcp-tmp-ace-fr-team-npm-virtual/fn-annotate/-/fn-annotate-1.2.0.tgz?dl=https%3A%2F%2Fregistry.npmjs.org%2Ffn-annotate%2F-%2Ffn-annotate-1.2.0.tgz",
      "integrity": "sha1-KNoAARfephhC/mHzU/Qc9Mk6en4="
    },
    "has-flag": {
      "version": "4.0.0",
      "resolved": "https://na.artifactory.swg-devops.com/artifactory/api/npm/wcp-tmp-ace-fr-team-npm-virtual/has-flag/-/has-flag-4.0.0.tgz?dl=https%3A%2F%2Fregistry.npmjs.org%2Fhas-flag%2F-%2Fhas-flag-4.0.0.tgz",
      "integrity": "sha1-lEdx/ZyByBJlxNaUGGDaBrtZR5s="
    },
    "is-fullwidth-code-point": {
      "version": "3.0.0",
      "resolved": "https://na.artifactory.swg-devops.com/artifactory/api/npm/wcp-tmp-ace-fr-team-npm-virtual/is-fullwidth-code-point/-/is-fullwidth-code-point-3.0.0.tgz?dl=https%3A%2F%2Fregistry.npmjs.org%2Fis-fullwidth-code-point%2F-%2Fis-fullwidth-code-point-3.0.0.tgz",
      "integrity": "sha1-8Rb4Bk/pCz94RKOJl8C3UFEmnx0="
    },
    "node-fetch": {
      "version": "2.6.5",
      "resolved": "https://na.artifactory.swg-devops.com/artifactory/api/npm/wcp-tmp-ace-fr-team-npm-virtual/node-fetch/-/node-fetch-2.6.5.tgz?dl=https%3A%2F%2Fregistry.npmjs.org%2Fnode-fetch%2F-%2Fnode-fetch-2.6.5.tgz",
      "integrity": "sha1-QnNVN9fwgKfl94tsVJtxRr4XQv0=",
      "requires": {
        "whatwg-url": "^5.0.0"
      }
    },
    "object-assign": {
      "version": "4.1.1",
      "resolved": "https://na.artifactory.swg-devops.com/artifactory/api/npm/wcp-tmp-ace-fr-team-npm-virtual/object-assign/-/object-assign-4.1.1.tgz?dl=https%3A%2F%2Fregistry.npmjs.org%2Fobject-assign%2F-%2Fobject-assign-4.1.1.tgz",
      "integrity": "sha1-IQmtx5ZYh8/AXLvUQsrIv7s2CGM="
    },
    "string-width": {
      "version": "4.2.3",
      "resolved": "https://na.artifactory.swg-devops.com/artifactory/api/npm/wcp-tmp-ace-fr-team-npm-virtual/string-width/-/string-width-4.2.3.tgz?dl=https%3A%2F%2Fregistry.npmjs.org%2Fstring-width%2F-%2Fstring-width-4.2.3.tgz",
      "integrity": "sha1-JpxxF9J7Ba0uU2gwqOyJXvnG0BA=",
      "requires": {
        "emoji-regex": "^8.0.0",
        "is-fullwidth-code-point": "^3.0.0",
        "strip-ansi": "^6.0.1"
      }
    },
    "strip-ansi": {
      "version": "6.0.1",
      "resolved": "https://na.artifactory.swg-devops.com/artifactory/api/npm/wcp-tmp-ace-fr-team-npm-virtual/strip-ansi/-/strip-ansi-6.0.1.tgz?dl=https%3A%2F%2Fregistry.npmjs.org%2Fstrip-ansi%2F-%2Fstrip-ansi-6.0.1.tgz",
      "integrity": "sha1-nibGPTD1NEPpSJSVshBdN7Z6hdk=",
      "requires": {
        "ansi-regex": "^5.0.1"
      }
    },
    "supports-color": {
      "version": "7.2.0",
      "resolved": "https://na.artifactory.swg-devops.com/artifactory/api/npm/wcp-tmp-ace-fr-team-npm-virtual/supports-color/-/supports-color-7.2.0.tgz?dl=https%3A%2F%2Fregistry.npmjs.org%2Fsupports-color%2F-%2Fsupports-color-7.2.0.tgz",
      "integrity": "sha1-G33NyzK4E4gBs+R4umpRyqiWSNo=",
      "requires": {
        "has-flag": "^4.0.0"
      }
    },
    "tr46": {
      "version": "0.0.3",
      "resolved": "https://na.artifactory.swg-devops.com/artifactory/api/npm/wcp-tmp-ace-fr-team-npm-virtual/tr46/-/tr46-0.0.3.tgz?dl=https%3A%2F%2Fregistry.npmjs.org%2Ftr46%2F-%2Ftr46-0.0.3.tgz",
      "integrity": "sha1-gYT9NH2snNwYWZLzpmIuFLnZq2o="
    },
    "type-fest": {
      "version": "0.20.2",
      "resolved": "https://na.artifactory.swg-devops.com/artifactory/api/npm/wcp-tmp-ace-fr-team-npm-virtual/type-fest/-/type-fest-0.20.2.tgz?dl=https%3A%2F%2Fregistry.npmjs.org%2Ftype-fest%2F-%2Ftype-fest-0.20.2.tgz",
      "integrity": "sha1-G/IH9LKPkVg2ZstfvTJ4hzAc1fQ="
    },
    "util-deprecate": {
      "version": "1.0.2",
      "resolved": "https://na.artifactory.swg-devops.com/artifactory/api/npm/wcp-tmp-ace-fr-team-npm-virtual/util-deprecate/-/util-deprecate-1.0.2.tgz?dl=https%3A%2F%2Fregistry.npmjs.org%2Futil-deprecate%2F-%2Futil-deprecate-1.0.2.tgz",
      "integrity": "sha1-RQ1Nyfpw3nMnYvvS1KKJgUGaDM8="
    },
    "webidl-conversions": {
      "version": "3.0.1",
      "resolved": "https://na.artifactory.swg-devops.com/artifactory/api/npm/wcp-tmp-ace-fr-team-npm-virtual/webidl-conversions/-/webidl-conversions-3.0.1.tgz?dl=https%3A%2F%2Fregistry.npmjs.org%2Fwebidl-conversions%2F-%2Fwebidl-conversions-3.0.1.tgz",
      "integrity": "sha1-JFNCdeKnvGvnvIZhHMFq4KVlSHE="
    },
    "whatwg-url": {
      "version": "5.0.0",
      "resolved": "https://na.artifactory.swg-devops.com/artifactory/api/npm/wcp-tmp-ace-fr-team-npm-virtual/whatwg-url/-/whatwg-url-5.0.0.tgz?dl=https%3A%2F%2Fregistry.npmjs.org%2Fwhatwg-url%2F-%2Fwhatwg-url-5.0.0.tgz",
      "integrity": "sha1-lmRU6HZUYuN2RNNib2dCzotwll0=",
      "requires": {
        "tr46": "~0.0.3",
        "webidl-conversions": "^3.0.0"
      }
    },
    "widest-line": {
      "version": "3.1.0",
      "resolved": "https://na.artifactory.swg-devops.com/artifactory/api/npm/wcp-tmp-ace-fr-team-npm-virtual/widest-line/-/widest-line-3.1.0.tgz?dl=https%3A%2F%2Fregistry.npmjs.org%2Fwidest-line%2F-%2Fwidest-line-3.1.0.tgz",
      "integrity": "sha1-gpIzO79my0X/DeFgOxNreuFJbso=",
      "requires": {
        "string-width": "^4.0.0"
      }
    },
    "wrap-ansi": {
      "version": "7.0.0",
      "resolved": "https://na.artifactory.swg-devops.com/artifactory/api/npm/wcp-tmp-ace-fr-team-npm-virtual/wrap-ansi/-/wrap-ansi-7.0.0.tgz?dl=https%3A%2F%2Fregistry.npmjs.org%2Fwrap-ansi%2F-%2Fwrap-ansi-7.0.0.tgz",
      "integrity": "sha1-Z+FFz/UQpqaYS98RUpEdadLrnkM=",
      "requires": {
        "ansi-styles": "^4.0.0",
        "string-width": "^4.1.0",
        "strip-ansi": "^6.0.0"
      }
    }
  }
}
